
Microsoft Visual Studio Solution File, Format Version 12.00
# Visual Studio 15
VisualStudioVersion = 15.0.28307.1062
MinimumVisualStudioVersion = 10.0.40219.1
Project("{FAE04EC0-301F-11D3-BF4B-00C04F79EFBC}") = "Quizhalla", "Quiz\Quizhalla.csproj", "{8AE55F1D-6858-43F8-9AA4-19BF6504E61C}"
EndProject
Global
	GlobalSection(SolutionConfigurationPlatforms) = preSolution
		Debug|Any CPU = Debug|Any CPU
		Release|Any CPU = Release|Any CPU
	EndGlobalSection
	GlobalSection(ProjectConfigurationPlatforms) = postSolution
		{8AE55F1D-6858-43F8-9AA4-19BF6504E61C}.Debug|Any CPU.ActiveCfg = Debug|Any CPU
		{8AE55F1D-6858-43F8-9AA4-19BF6504E61C}.Debug|Any CPU.Build.0 = Debug|Any CPU
		{8AE55F1D-6858-43F8-9AA4-19BF6504E61C}.Release|Any CPU.ActiveCfg = Release|Any CPU
		{8AE55F1D-6858-43F8-9AA4-19BF6504E61C}.Release|Any CPU.Build.0 = Release|Any CPU
	EndGlobalSection
	GlobalSection(SolutionProperties) = preSolution
		HideSolutionNode = FALSE
	EndGlobalSection
	GlobalSection(ExtensibilityGlobals) = postSolution
		SolutionGuid = {B260046A-3194-424D-9270-A2D551AE8688}
	EndGlobalSection
EndGlobal
